
Microsoft Visual Studio Solution File, Format Version 12.00
# Visual Studio 2012
Project("{8BC9CEB8-8B4A-11D0-8D11-00A0C91BC942}") = "Library Manager", "Library Manager\Library Manager.vcxproj", "{C703CC79-8C81-45E5-B0BA-CEE45FEF9C18}"
EndProject
Global
	GlobalSection(SolutionConfigurationPlatforms) = preSolution
		Debug|Win32 = Debug|Win32
		Release|Win32 = Release|Win32
	EndGlobalSection
	GlobalSection(ProjectConfigurationPlatforms) = postSolution
		{C703CC79-8C81-45E5-B0BA-CEE45FEF9C18}.Debug|Win32.ActiveCfg = Debug|Win32
		{C703CC79-8C81-45E5-B0BA-CEE45FEF9C18}.Debug|Win32.Build.0 = Debug|Win32
		{C703CC79-8C81-45E5-B0BA-CEE45FEF9C18}.Release|Win32.ActiveCfg = Release|Win32
		{C703CC79-8C81-45E5-B0BA-CEE45FEF9C18}.Release|Win32.Build.0 = Release|Win32
	EndGlobalSection
	GlobalSection(SolutionProperties) = preSolution
		HideSolutionNode = FALSE
	EndGlobalSection
EndGlobal
